// !$*UTF8*$!
{
	archiveVersion = 1;
	classes = {
	};
	objectVersion = 55;
	objects = {

/* Begin PBXBuildFile section */
		48D9B02528C11A6300BFC3D5 /* CityExplorerApp.swift in Sources */ = {isa = PBXBuildFile; fileRef = 48D9B02428C11A6300BFC3D5 /* CityExplorerApp.swift */; };
		48D9B02728C11A6300BFC3D5 /* LandingView.swift in Sources */ = {isa = PBXBuildFile; fileRef = 48D9B02628C11A6300BFC3D5 /* LandingView.swift */; };
		48D9B02928C11A6400BFC3D5 /* Assets.xcassets in Resources */ = {isa = PBXBuildFile; fileRef = 48D9B02828C11A6400BFC3D5 /* Assets.xcassets */; };
		48D9B02C28C11A6400BFC3D5 /* Preview Assets.xcassets in Resources */ = {isa = PBXBuildFile; fileRef = 48D9B02B28C11A6400BFC3D5 /* Preview Assets.xcassets */; };
		48D9B03628C1214000BFC3D5 /* ContentModel.swift in Sources */ = {isa = PBXBuildFile; fileRef = 48D9B03528C1214000BFC3D5 /* ContentModel.swift */; };
		48D9B03928C12FE200BFC3D5 /* Constants.swift in Sources */ = {isa = PBXBuildFile; fileRef = 48D9B03828C12FE200BFC3D5 /* Constants.swift */; };
		48D9B03E28C1378700BFC3D5 /* YelpBusinesses.swift in Sources */ = {isa = PBXBuildFile; fileRef = 48D9B03D28C1378700BFC3D5 /* YelpBusinesses.swift */; };
		48D9B04028C1381900BFC3D5 /* Businesses.swift in Sources */ = {isa = PBXBuildFile; fileRef = 48D9B03F28C1381900BFC3D5 /* Businesses.swift */; };
		48D9B04728C1551000BFC3D5 /* HomeView.swift in Sources */ = {isa = PBXBuildFile; fileRef = 48D9B04628C1551000BFC3D5 /* HomeView.swift */; };
		48D9B04928C1573900BFC3D5 /* BusinessSectionHeader.swift in Sources */ = {isa = PBXBuildFile; fileRef = 48D9B04828C1573900BFC3D5 /* BusinessSectionHeader.swift */; };
		48D9B04B28C158AC00BFC3D5 /* BusinessList.swift in Sources */ = {isa = PBXBuildFile; fileRef = 48D9B04A28C158AC00BFC3D5 /* BusinessList.swift */; };
		48D9B04E28C15A4700BFC3D5 /* BusinessSection.swift in Sources */ = {isa = PBXBuildFile; fileRef = 48D9B04D28C15A4700BFC3D5 /* BusinessSection.swift */; };
		48D9B05028C16F8E00BFC3D5 /* BusinessRow.swift in Sources */ = {isa = PBXBuildFile; fileRef = 48D9B04F28C16F8E00BFC3D5 /* BusinessRow.swift */; };
/* End PBXBuildFile section */

/* Begin PBXFileReference section */
		48D9B02128C11A6300BFC3D5 /* CityExplorer.app */ = {isa = PBXFileReference; explicitFileType = wrapper.application; includeInIndex = 0; path = CityExplorer.app; sourceTree = BUILT_PRODUCTS_DIR; };
		48D9B02428C11A6300BFC3D5 /* CityExplorerApp.swift */ = {isa = PBXFileReference; lastKnownFileType = sourcecode.swift; path = CityExplorerApp.swift; sourceTree = "<group>"; };
		48D9B02628C11A6300BFC3D5 /* LandingView.swift */ = {isa = PBXFileReference; lastKnownFileType = sourcecode.swift; path = LandingView.swift; sourceTree = "<group>"; };
		48D9B02828C11A6400BFC3D5 /* Assets.xcassets */ = {isa = PBXFileReference; lastKnownFileType = folder.assetcatalog; path = Assets.xcassets; sourceTree = "<group>"; };
		48D9B02B28C11A6400BFC3D5 /* Preview Assets.xcassets */ = {isa = PBXFileReference; lastKnownFileType = folder.assetcatalog; path = "Preview Assets.xcassets"; sourceTree = "<group>"; };
		48D9B03528C1214000BFC3D5 /* ContentModel.swift */ = {isa = PBXFileReference; lastKnownFileType = sourcecode.swift; path = ContentModel.swift; sourceTree = "<group>"; };
		48D9B03728C123B000BFC3D5 /* Info.plist */ = {isa = PBXFileReference; lastKnownFileType = text.plist; path = Info.plist; sourceTree = "<group>"; };
		48D9B03828C12FE200BFC3D5 /* Constants.swift */ = {isa = PBXFileReference; lastKnownFileType = sourcecode.swift; path = Constants.swift; sourceTree = "<group>"; };
		48D9B03D28C1378700BFC3D5 /* YelpBusinesses.swift */ = {isa = PBXFileReference; lastKnownFileType = sourcecode.swift; path = YelpBusinesses.swift; sourceTree = "<group>"; };
		48D9B03F28C1381900BFC3D5 /* Businesses.swift */ = {isa = PBXFileReference; lastKnownFileType = sourcecode.swift; path = Businesses.swift; sourceTree = "<group>"; };
		48D9B04628C1551000BFC3D5 /* HomeView.swift */ = {isa = PBXFileReference; lastKnownFileType = sourcecode.swift; path = HomeView.swift; sourceTree = "<group>"; };
		48D9B04828C1573900BFC3D5 /* BusinessSectionHeader.swift */ = {isa = PBXFileReference; lastKnownFileType = sourcecode.swift; path = BusinessSectionHeader.swift; sourceTree = "<group>"; };
		48D9B04A28C158AC00BFC3D5 /* BusinessList.swift */ = {isa = PBXFileReference; lastKnownFileType = sourcecode.swift; path = BusinessList.swift; sourceTree = "<group>"; };
		48D9B04D28C15A4700BFC3D5 /* BusinessSection.swift */ = {isa = PBXFileReference; lastKnownFileType = sourcecode.swift; path = BusinessSection.swift; sourceTree = "<group>"; };
		48D9B04F28C16F8E00BFC3D5 /* BusinessRow.swift */ = {isa = PBXFileReference; lastKnownFileType = sourcecode.swift; path = BusinessRow.swift; sourceTree = "<group>"; };
/* End PBXFileReference section */

/* Begin PBXFrameworksBuildPhase section */
		48D9B01E28C11A6300BFC3D5 /* Frameworks */ = {
			isa = PBXFrameworksBuildPhase;
			buildActionMask = 2147483647;
			files = (
			);
			runOnlyForDeploymentPostprocessing = 0;
		};
/* End PBXFrameworksBuildPhase section */

/* Begin PBXGroup section */
		48D9B01828C11A6300BFC3D5 = {
			isa = PBXGroup;
			children = (
				48D9B02328C11A6300BFC3D5 /* CityExplorer */,
				48D9B02228C11A6300BFC3D5 /* Products */,
			);
			sourceTree = "<group>";
		};
		48D9B02228C11A6300BFC3D5 /* Products */ = {
			isa = PBXGroup;
			children = (
				48D9B02128C11A6300BFC3D5 /* CityExplorer.app */,
			);
			name = Products;
			sourceTree = "<group>";
		};
		48D9B02328C11A6300BFC3D5 /* CityExplorer */ = {
			isa = PBXGroup;
			children = (
				48D9B03728C123B000BFC3D5 /* Info.plist */,
				48D9B02428C11A6300BFC3D5 /* CityExplorerApp.swift */,
				48D9B03228C11A7F00BFC3D5 /* Views */,
				48D9B03328C11A8400BFC3D5 /* ViewModel */,
				48D9B03428C11A8800BFC3D5 /* Models */,
				48D9B03A28C1312A00BFC3D5 /* Helper */,
				48D9B02828C11A6400BFC3D5 /* Assets.xcassets */,
				48D9B02A28C11A6400BFC3D5 /* Preview Content */,
			);
			path = CityExplorer;
			sourceTree = "<group>";
		};
		48D9B02A28C11A6400BFC3D5 /* Preview Content */ = {
			isa = PBXGroup;
			children = (
				48D9B02B28C11A6400BFC3D5 /* Preview Assets.xcassets */,
			);
			path = "Preview Content";
			sourceTree = "<group>";
		};
		48D9B03228C11A7F00BFC3D5 /* Views */ = {
			isa = PBXGroup;
			children = (
				48D9B02628C11A6300BFC3D5 /* LandingView.swift */,
				48D9B04328C154DE00BFC3D5 /* Home */,
				48D9B04428C154E300BFC3D5 /* Onboarding */,
				48D9B04528C154EA00BFC3D5 /* PermissonDenied */,
			);
			path = Views;
			sourceTree = "<group>";
		};
		48D9B03328C11A8400BFC3D5 /* ViewModel */ = {
			isa = PBXGroup;
			children = (
				48D9B03528C1214000BFC3D5 /* ContentModel.swift */,
			);
			path = ViewModel;
			sourceTree = "<group>";
		};
		48D9B03428C11A8800BFC3D5 /* Models */ = {
			isa = PBXGroup;
			children = (
				48D9B03D28C1378700BFC3D5 /* YelpBusinesses.swift */,
				48D9B03F28C1381900BFC3D5 /* Businesses.swift */,
			);
			path = Models;
			sourceTree = "<group>";
		};
		48D9B03A28C1312A00BFC3D5 /* Helper */ = {
			isa = PBXGroup;
			children = (
				48D9B03828C12FE200BFC3D5 /* Constants.swift */,
			);
			path = Helper;
			sourceTree = "<group>";
		};
		48D9B04328C154DE00BFC3D5 /* Home */ = {
			isa = PBXGroup;
			children = (
				48D9B04628C1551000BFC3D5 /* HomeView.swift */,
				48D9B04C28C1596B00BFC3D5 /* List */,
			);
			path = Home;
			sourceTree = "<group>";
		};
		48D9B04428C154E300BFC3D5 /* Onboarding */ = {
			isa = PBXGroup;
			children = (
			);
			path = Onboarding;
			sourceTree = "<group>";
		};
		48D9B04528C154EA00BFC3D5 /* PermissonDenied */ = {
			isa = PBXGroup;
			children = (
			);
			path = PermissonDenied;
			sourceTree = "<group>";
		};
		48D9B04C28C1596B00BFC3D5 /* List */ = {
			isa = PBXGroup;
			children = (
				48D9B04A28C158AC00BFC3D5 /* BusinessList.swift */,
				48D9B04828C1573900BFC3D5 /* BusinessSectionHeader.swift */,
				48D9B04D28C15A4700BFC3D5 /* BusinessSection.swift */,
				48D9B04F28C16F8E00BFC3D5 /* BusinessRow.swift */,
			);
			path = List;
			sourceTree = "<group>";
		};
/* End PBXGroup section */

/* Begin PBXNativeTarget section */
		48D9B02028C11A6300BFC3D5 /* CityExplorer */ = {
			isa = PBXNativeTarget;
			buildConfigurationList = 48D9B02F28C11A6400BFC3D5 /* Build configuration list for PBXNativeTarget "CityExplorer" */;
			buildPhases = (
				48D9B01D28C11A6300BFC3D5 /* Sources */,
				48D9B01E28C11A6300BFC3D5 /* Frameworks */,
				48D9B01F28C11A6300BFC3D5 /* Resources */,
			);
			buildRules = (
			);
			dependencies = (
			);
			name = CityExplorer;
			productName = CityExplorer;
			productReference = 48D9B02128C11A6300BFC3D5 /* CityExplorer.app */;
			productType = "com.apple.product-type.application";
		};
/* End PBXNativeTarget section */

/* Begin PBXProject section */
		48D9B01928C11A6300BFC3D5 /* Project object */ = {
			isa = PBXProject;
			attributes = {
				BuildIndependentTargetsInParallel = 1;
				LastSwiftUpdateCheck = 1340;
				LastUpgradeCheck = 1340;
				TargetAttributes = {
					48D9B02028C11A6300BFC3D5 = {
						CreatedOnToolsVersion = 13.4.1;
					};
				};
			};
			buildConfigurationList = 48D9B01C28C11A6300BFC3D5 /* Build configuration list for PBXProject "CityExplorer" */;
			compatibilityVersion = "Xcode 13.0";
			developmentRegion = en;
			hasScannedForEncodings = 0;
			knownRegions = (
				en,
				Base,
			);
			mainGroup = 48D9B01828C11A6300BFC3D5;
			productRefGroup = 48D9B02228C11A6300BFC3D5 /* Products */;
			projectDirPath = "";
			projectRoot = "";
			targets = (
				48D9B02028C11A6300BFC3D5 /* CityExplorer */,
			);
		};
/* End PBXProject section */

/* Begin PBXResourcesBuildPhase section */
		48D9B01F28C11A6300BFC3D5 /* Resources */ = {
			isa = PBXResourcesBuildPhase;
			buildActionMask = 2147483647;
			files = (
				48D9B02C28C11A6400BFC3D5 /* Preview Assets.xcassets in Resources */,
				48D9B02928C11A6400BFC3D5 /* Assets.xcassets in Resources */,
			);
			runOnlyForDeploymentPostprocessing = 0;
		};
/* End PBXResourcesBuildPhase section */

/* Begin PBXSourcesBuildPhase section */
		48D9B01D28C11A6300BFC3D5 /* Sources */ = {
			isa = PBXSourcesBuildPhase;
			buildActionMask = 2147483647;
			files = (
				48D9B02728C11A6300BFC3D5 /* LandingView.swift in Sources */,
				48D9B05028C16F8E00BFC3D5 /* BusinessRow.swift in Sources */,
				48D9B04B28C158AC00BFC3D5 /* BusinessList.swift in Sources */,
				48D9B04728C1551000BFC3D5 /* HomeView.swift in Sources */,
				48D9B04928C1573900BFC3D5 /* BusinessSectionHeader.swift in Sources */,
				48D9B03E28C1378700BFC3D5 /* YelpBusinesses.swift in Sources */,
				48D9B04028C1381900BFC3D5 /* Businesses.swift in Sources */,
				48D9B02528C11A6300BFC3D5 /* CityExplorerApp.swift in Sources */,
				48D9B04E28C15A4700BFC3D5 /* BusinessSection.swift in Sources */,
				48D9B03628C1214000BFC3D5 /* ContentModel.swift in Sources */,
				48D9B03928C12FE200BFC3D5 /* Constants.swift in Sources */,
			);
			runOnlyForDeploymentPostprocessing = 0;
		};
/* End PBXSourcesBuildPhase section */

/* Begin XCBuildConfiguration section */
		48D9B02D28C11A6400BFC3D5 /* Debug */ = {
			isa = XCBuildConfiguration;
			buildSettings = {
				ALWAYS_SEARCH_USER_PATHS = NO;
				CLANG_ANALYZER_NONNULL = YES;
				CLANG_ANALYZER_NUMBER_OBJECT_CONVERSION = YES_AGGRESSIVE;
				CLANG_CXX_LANGUAGE_STANDARD = "gnu++17";
				CLANG_ENABLE_MODULES = YES;
				CLANG_ENABLE_OBJC_ARC = YES;
				CLANG_ENABLE_OBJC_WEAK = YES;
				CLANG_WARN_BLOCK_CAPTURE_AUTORELEASING = YES;
				CLANG_WARN_BOOL_CONVERSION = YES;
				CLANG_WARN_COMMA = YES;
				CLANG_WARN_CONSTANT_CONVERSION = YES;
				CLANG_WARN_DEPRECATED_OBJC_IMPLEMENTATIONS = YES;
				CLANG_WARN_DIRECT_OBJC_ISA_USAGE = YES_ERROR;
				CLANG_WARN_DOCUMENTATION_COMMENTS = YES;
				CLANG_WARN_EMPTY_BODY = YES;
				CLANG_WARN_ENUM_CONVERSION = YES;
				CLANG_WARN_INFINITE_RECURSION = YES;
				CLANG_WARN_INT_CONVERSION = YES;
				CLANG_WARN_NON_LITERAL_NULL_CONVERSION = YES;
				CLANG_WARN_OBJC_IMPLICIT_RETAIN_SELF = YES;
				CLANG_WARN_OBJC_LITERAL_CONVERSION = YES;
				CLANG_WARN_OBJC_ROOT_CLASS = YES_ERROR;
				CLANG_WARN_QUOTED_INCLUDE_IN_FRAMEWORK_HEADER = YES;
				CLANG_WARN_RANGE_LOOP_ANALYSIS = YES;
				CLANG_WARN_STRICT_PROTOTYPES = YES;
				CLANG_WARN_SUSPICIOUS_MOVE = YES;
				CLANG_WARN_UNGUARDED_AVAILABILITY = YES_AGGRESSIVE;
				CLANG_WARN_UNREACHABLE_CODE = YES;
				CLANG_WARN__DUPLICATE_METHOD_MATCH = YES;
				COPY_PHASE_STRIP = NO;
				DEBUG_INFORMATION_FORMAT = dwarf;
				ENABLE_STRICT_OBJC_MSGSEND = YES;
				ENABLE_TESTABILITY = YES;
				GCC_C_LANGUAGE_STANDARD = gnu11;
				GCC_DYNAMIC_NO_PIC = NO;
				GCC_NO_COMMON_BLOCKS = YES;
				GCC_OPTIMIZATION_LEVEL = 0;
				GCC_PREPROCESSOR_DEFINITIONS = (
					"DEBUG=1",
					"$(inherited)",
				);
				GCC_WARN_64_TO_32_BIT_CONVERSION = YES;
				GCC_WARN_ABOUT_RETURN_TYPE = YES_ERROR;
				GCC_WARN_UNDECLARED_SELECTOR = YES;
				GCC_WARN_UNINITIALIZED_AUTOS = YES_AGGRESSIVE;
				GCC_WARN_UNUSED_FUNCTION = YES;
				GCC_WARN_UNUSED_VARIABLE = YES;
				IPHONEOS_DEPLOYMENT_TARGET = 15.5;
				MTL_ENABLE_DEBUG_INFO = INCLUDE_SOURCE;
				MTL_FAST_MATH = YES;
				ONLY_ACTIVE_ARCH = YES;
				SDKROOT = iphoneos;
				SWIFT_ACTIVE_COMPILATION_CONDITIONS = DEBUG;
				SWIFT_OPTIMIZATION_LEVEL = "-Onone";
			};
			name = Debug;
		};
		48D9B02E28C11A6400BFC3D5 /* Release */ = {
			isa = XCBuildConfiguration;
			buildSettings = {
				ALWAYS_SEARCH_USER_PATHS = NO;
				CLANG_ANALYZER_NONNULL = YES;
				CLANG_ANALYZER_NUMBER_OBJECT_CONVERSION = YES_AGGRESSIVE;
				CLANG_CXX_LANGUAGE_STANDARD = "gnu++17";
				CLANG_ENABLE_MODULES = YES;
				CLANG_ENABLE_OBJC_ARC = YES;
				CLANG_ENABLE_OBJC_WEAK = YES;
				CLANG_WARN_BLOCK_CAPTURE_AUTORELEASING = YES;
				CLANG_WARN_BOOL_CONVERSION = YES;
				CLANG_WARN_COMMA = YES;
				CLANG_WARN_CONSTANT_CONVERSION = YES;
				CLANG_WARN_DEPRECATED_OBJC_IMPLEMENTATIONS = YES;
				CLANG_WARN_DIRECT_OBJC_ISA_USAGE = YES_ERROR;
				CLANG_WARN_DOCUMENTATION_COMMENTS = YES;
				CLANG_WARN_EMPTY_BODY = YES;
				CLANG_WARN_ENUM_CONVERSION = YES;
				CLANG_WARN_INFINITE_RECURSION = YES;
				CLANG_WARN_INT_CONVERSION = YES;
				CLANG_WARN_NON_LITERAL_NULL_CONVERSION = YES;
				CLANG_WARN_OBJC_IMPLICIT_RETAIN_SELF = YES;
				CLANG_WARN_OBJC_LITERAL_CONVERSION = YES;
				CLANG_WARN_OBJC_ROOT_CLASS = YES_ERROR;
				CLANG_WARN_QUOTED_INCLUDE_IN_FRAMEWORK_HEADER = YES;
				CLANG_WARN_RANGE_LOOP_ANALYSIS = YES;
				CLANG_WARN_STRICT_PROTOTYPES = YES;
				CLANG_WARN_SUSPICIOUS_MOVE = YES;
				CLANG_WARN_UNGUARDED_AVAILABILITY = YES_AGGRESSIVE;
				CLANG_WARN_UNREACHABLE_CODE = YES;
				CLANG_WARN__DUPLICATE_METHOD_MATCH = YES;
				COPY_PHASE_STRIP = NO;
				DEBUG_INFORMATION_FORMAT = "dwarf-with-dsym";
				ENABLE_NS_ASSERTIONS = NO;
				ENABLE_STRICT_OBJC_MSGSEND = YES;
				GCC_C_LANGUAGE_STANDARD = gnu11;
				GCC_NO_COMMON_BLOCKS = YES;
				GCC_WARN_64_TO_32_BIT_CONVERSION = YES;
				GCC_WARN_ABOUT_RETURN_TYPE = YES_ERROR;
				GCC_WARN_UNDECLARED_SELECTOR = YES;
				GCC_WARN_UNINITIALIZED_AUTOS = YES_AGGRESSIVE;
				GCC_WARN_UNUSED_FUNCTION = YES;
				GCC_WARN_UNUSED_VARIABLE = YES;
				IPHONEOS_DEPLOYMENT_TARGET = 15.5;
				MTL_ENABLE_DEBUG_INFO = NO;
				MTL_FAST_MATH = YES;
				SDKROOT = iphoneos;
				SWIFT_COMPILATION_MODE = wholemodule;
				SWIFT_OPTIMIZATION_LEVEL = "-O";
				VALIDATE_PRODUCT = YES;
			};
			name = Release;
		};
		48D9B03028C11A6400BFC3D5 /* Debug */ = {
			isa = XCBuildConfiguration;
			buildSettings = {
				ASSETCATALOG_COMPILER_APPICON_NAME = AppIcon;
				ASSETCATALOG_COMPILER_GLOBAL_ACCENT_COLOR_NAME = AccentColor;
				CODE_SIGN_STYLE = Automatic;
				CURRENT_PROJECT_VERSION = 1;
				DEVELOPMENT_ASSET_PATHS = "\"CityExplorer/Preview Content\"";
				ENABLE_PREVIEWS = YES;
				GENERATE_INFOPLIST_FILE = YES;
				INFOPLIST_FILE = CityExplorer/Info.plist;
				INFOPLIST_KEY_NSLocationWhenInUseUsageDescription = "Grant CityExplorer access to your location to see the city around you!";
				INFOPLIST_KEY_UIApplicationSceneManifest_Generation = YES;
				INFOPLIST_KEY_UIApplicationSupportsIndirectInputEvents = YES;
				INFOPLIST_KEY_UILaunchScreen_Generation = YES;
				INFOPLIST_KEY_UISupportedInterfaceOrientations_iPad = "UIInterfaceOrientationPortrait UIInterfaceOrientationPortraitUpsideDown UIInterfaceOrientationLandscapeLeft UIInterfaceOrientationLandscapeRight";
				INFOPLIST_KEY_UISupportedInterfaceOrientations_iPhone = "UIInterfaceOrientationPortrait UIInterfaceOrientationLandscapeLeft UIInterfaceOrientationLandscapeRight";
				LD_RUNPATH_SEARCH_PATHS = (
					"$(inherited)",
					"@executable_path/Frameworks",
				);
				MARKETING_VERSION = 1.0;
				PRODUCT_BUNDLE_IDENTIFIER = com.veersingh209.CityExplorer;
				PRODUCT_NAME = "$(TARGET_NAME)";
				SWIFT_EMIT_LOC_STRINGS = YES;
				SWIFT_VERSION = 5.0;
				TARGETED_DEVICE_FAMILY = "1,2";
			};
			name = Debug;
		};
		48D9B03128C11A6400BFC3D5 /* Release */ = {
			isa = XCBuildConfiguration;
			buildSettings = {
				ASSETCATALOG_COMPILER_APPICON_NAME = AppIcon;
				ASSETCATALOG_COMPILER_GLOBAL_ACCENT_COLOR_NAME = AccentColor;
				CODE_SIGN_STYLE = Automatic;
				CURRENT_PROJECT_VERSION = 1;
				DEVELOPMENT_ASSET_PATHS = "\"CityExplorer/Preview Content\"";
				ENABLE_PREVIEWS = YES;
				GENERATE_INFOPLIST_FILE = YES;
				INFOPLIST_FILE = CityExplorer/Info.plist;
				INFOPLIST_KEY_NSLocationWhenInUseUsageDescription = "Grant CityExplorer access to your location to see the city around you!";
				INFOPLIST_KEY_UIApplicationSceneManifest_Generation = YES;
				INFOPLIST_KEY_UIApplicationSupportsIndirectInputEvents = YES;
				INFOPLIST_KEY_UILaunchScreen_Generation = YES;
				INFOPLIST_KEY_UISupportedInterfaceOrientations_iPad = "UIInterfaceOrientationPortrait UIInterfaceOrientationPortraitUpsideDown UIInterfaceOrientationLandscapeLeft UIInterfaceOrientationLandscapeRight";
				INFOPLIST_KEY_UISupportedInterfaceOrientations_iPhone = "UIInterfaceOrientationPortrait UIInterfaceOrientationLandscapeLeft UIInterfaceOrientationLandscapeRight";
				LD_RUNPATH_SEARCH_PATHS = (
					"$(inherited)",
					"@executable_path/Frameworks",
				);
				MARKETING_VERSION = 1.0;
				PRODUCT_BUNDLE_IDENTIFIER = com.veersingh209.CityExplorer;
				PRODUCT_NAME = "$(TARGET_NAME)";
				SWIFT_EMIT_LOC_STRINGS = YES;
				SWIFT_VERSION = 5.0;
				TARGETED_DEVICE_FAMILY = "1,2";
			};
			name = Release;
		};
/* End XCBuildConfiguration section */

/* Begin XCConfigurationList section */
		48D9B01C28C11A6300BFC3D5 /* Build configuration list for PBXProject "CityExplorer" */ = {
			isa = XCConfigurationList;
			buildConfigurations = (
				48D9B02D28C11A6400BFC3D5 /* Debug */,
				48D9B02E28C11A6400BFC3D5 /* Release */,
			);
			defaultConfigurationIsVisible = 0;
			defaultConfigurationName = Release;
		};
		48D9B02F28C11A6400BFC3D5 /* Build configuration list for PBXNativeTarget "CityExplorer" */ = {
			isa = XCConfigurationList;
			buildConfigurations = (
				48D9B03028C11A6400BFC3D5 /* Debug */,
				48D9B03128C11A6400BFC3D5 /* Release */,
			);
			defaultConfigurationIsVisible = 0;
			defaultConfigurationName = Release;
		};
/* End XCConfigurationList section */
	};
	rootObject = 48D9B01928C11A6300BFC3D5 /* Project object */;
}
